// !$*UTF8*$!
{
	archiveVersion = 1;
	classes = {
	};
	objectVersion = 56;
	objects = {

/* Begin PBXBuildFile section */
		B829C8A0298382D6003C6176 /* AppDelegate.swift in Sources */ = {isa = PBXBuildFile; fileRef = B829C89F298382D6003C6176 /* AppDelegate.swift */; };
		B829C8A2298382D6003C6176 /* SceneDelegate.swift in Sources */ = {isa = PBXBuildFile; fileRef = B829C8A1298382D6003C6176 /* SceneDelegate.swift */; };
		B829C8A4298382D6003C6176 /* ViewController.swift in Sources */ = {isa = PBXBuildFile; fileRef = B829C8A3298382D6003C6176 /* ViewController.swift */; };
		B829C8A7298382D6003C6176 /* Main.storyboard in Resources */ = {isa = PBXBuildFile; fileRef = B829C8A5298382D6003C6176 /* Main.storyboard */; };
		B829C8A9298382D9003C6176 /* Assets.xcassets in Resources */ = {isa = PBXBuildFile; fileRef = B829C8A8298382D9003C6176 /* Assets.xcassets */; };
		B829C8AC298382D9003C6176 /* LaunchScreen.storyboard in Resources */ = {isa = PBXBuildFile; fileRef = B829C8AA298382D9003C6176 /* LaunchScreen.storyboard */; };
		B829C8B5298389C1003C6176 /* ListCell.swift in Sources */ = {isa = PBXBuildFile; fileRef = B829C8B4298389C1003C6176 /* ListCell.swift */; };
		B829C8B72983941F003C6176 /* HeaderView.swift in Sources */ = {isa = PBXBuildFile; fileRef = B829C8B62983941F003C6176 /* HeaderView.swift */; };
/* End PBXBuildFile section */

/* Begin PBXFileReference section */
		B829C89C298382D6003C6176 /* DetailHeaderAnimation.app */ = {isa = PBXFileReference; explicitFileType = wrapper.application; includeInIndex = 0; path = DetailHeaderAnimation.app; sourceTree = BUILT_PRODUCTS_DIR; };
		B829C89F298382D6003C6176 /* AppDelegate.swift */ = {isa = PBXFileReference; lastKnownFileType = sourcecode.swift; path = AppDelegate.swift; sourceTree = "<group>"; };
		B829C8A1298382D6003C6176 /* SceneDelegate.swift */ = {isa = PBXFileReference; lastKnownFileType = sourcecode.swift; path = SceneDelegate.swift; sourceTree = "<group>"; };
		B829C8A3298382D6003C6176 /* ViewController.swift */ = {isa = PBXFileReference; lastKnownFileType = sourcecode.swift; path = ViewController.swift; sourceTree = "<group>"; };
		B829C8A6298382D6003C6176 /* Base */ = {isa = PBXFileReference; lastKnownFileType = file.storyboard; name = Base; path = Base.lproj/Main.storyboard; sourceTree = "<group>"; };
		B829C8A8298382D9003C6176 /* Assets.xcassets */ = {isa = PBXFileReference; lastKnownFileType = folder.assetcatalog; path = Assets.xcassets; sourceTree = "<group>"; };
		B829C8AB298382D9003C6176 /* Base */ = {isa = PBXFileReference; lastKnownFileType = file.storyboard; name = Base; path = Base.lproj/LaunchScreen.storyboard; sourceTree = "<group>"; };
		B829C8AD298382D9003C6176 /* Info.plist */ = {isa = PBXFileReference; lastKnownFileType = text.plist.xml; path = Info.plist; sourceTree = "<group>"; };
		B829C8B4298389C1003C6176 /* ListCell.swift */ = {isa = PBXFileReference; lastKnownFileType = sourcecode.swift; path = ListCell.swift; sourceTree = "<group>"; };
		B829C8B62983941F003C6176 /* HeaderView.swift */ = {isa = PBXFileReference; lastKnownFileType = sourcecode.swift; path = HeaderView.swift; sourceTree = "<group>"; };
/* End PBXFileReference section */

/* Begin PBXFrameworksBuildPhase section */
		B829C899298382D6003C6176 /* Frameworks */ = {
			isa = PBXFrameworksBuildPhase;
			buildActionMask = 2147483647;
			files = (
			);
			runOnlyForDeploymentPostprocessing = 0;
		};
/* End PBXFrameworksBuildPhase section */

/* Begin PBXGroup section */
		B829C893298382D6003C6176 = {
			isa = PBXGroup;
			children = (
				B829C89E298382D6003C6176 /* DetailHeaderAnimation */,
				B829C89D298382D6003C6176 /* Products */,
			);
			sourceTree = "<group>";
		};
		B829C89D298382D6003C6176 /* Products */ = {
			isa = PBXGroup;
			children = (
				B829C89C298382D6003C6176 /* DetailHeaderAnimation.app */,
			);
			name = Products;
			sourceTree = "<group>";
		};
		B829C89E298382D6003C6176 /* DetailHeaderAnimation */ = {
			isa = PBXGroup;
			children = (
				B829C8AD298382D9003C6176 /* Info.plist */,
				B829C8B32983892A003C6176 /* SportingFiles */,
				B829C8A3298382D6003C6176 /* ViewController.swift */,
				B829C8B4298389C1003C6176 /* ListCell.swift */,
				B829C8B62983941F003C6176 /* HeaderView.swift */,
			);
			path = DetailHeaderAnimation;
			sourceTree = "<group>";
		};
		B829C8B32983892A003C6176 /* SportingFiles */ = {
			isa = PBXGroup;
			children = (
				B829C89F298382D6003C6176 /* AppDelegate.swift */,
				B829C8A1298382D6003C6176 /* SceneDelegate.swift */,
				B829C8A5298382D6003C6176 /* Main.storyboard */,
				B829C8A8298382D9003C6176 /* Assets.xcassets */,
				B829C8AA298382D9003C6176 /* LaunchScreen.storyboard */,
			);
			path = SportingFiles;
			sourceTree = "<group>";
		};
/* End PBXGroup section */

/* Begin PBXNativeTarget section */
		B829C89B298382D6003C6176 /* DetailHeaderAnimation */ = {
			isa = PBXNativeTarget;
			buildConfigurationList = B829C8B0298382D9003C6176 /* Build configuration list for PBXNativeTarget "DetailHeaderAnimation" */;
			buildPhases = (
				B829C898298382D6003C6176 /* Sources */,
				B829C899298382D6003C6176 /* Frameworks */,
				B829C89A298382D6003C6176 /* Resources */,
			);
			buildRules = (
			);
			dependencies = (
			);
			name = DetailHeaderAnimation;
			productName = DetailHeaderAnimation;
			productReference = B829C89C298382D6003C6176 /* DetailHeaderAnimation.app */;
			productType = "com.apple.product-type.application";
		};
/* End PBXNativeTarget section */

/* Begin PBXProject section */
		B829C894298382D6003C6176 /* Project object */ = {
			isa = PBXProject;
			attributes = {
				BuildIndependentTargetsInParallel = 1;
				LastSwiftUpdateCheck = 1410;
				LastUpgradeCheck = 1410;
				TargetAttributes = {
					B829C89B298382D6003C6176 = {
						CreatedOnToolsVersion = 14.1;
					};
				};
			};
			buildConfigurationList = B829C897298382D6003C6176 /* Build configuration list for PBXProject "DetailHeaderAnimation" */;
			compatibilityVersion = "Xcode 14.0";
			developmentRegion = en;
			hasScannedForEncodings = 0;
			knownRegions = (
				en,
				Base,
			);
			mainGroup = B829C893298382D6003C6176;
			productRefGroup = B829C89D298382D6003C6176 /* Products */;
			projectDirPath = "";
			projectRoot = "";
			targets = (
				B829C89B298382D6003C6176 /* DetailHeaderAnimation */,
			);
		};
/* End PBXProject section */

/* Begin PBXResourcesBuildPhase section */
		B829C89A298382D6003C6176 /* Resources */ = {
			isa = PBXResourcesBuildPhase;
			buildActionMask = 2147483647;
			files = (
				B829C8AC298382D9003C6176 /* LaunchScreen.storyboard in Resources */,
				B829C8A9298382D9003C6176 /* Assets.xcassets in Resources */,
				B829C8A7298382D6003C6176 /* Main.storyboard in Resources */,
			);
			runOnlyForDeploymentPostprocessing = 0;
		};
/* End PBXResourcesBuildPhase section */

/* Begin PBXSourcesBuildPhase section */
		B829C898298382D6003C6176 /* Sources */ = {
			isa = PBXSourcesBuildPhase;
			buildActionMask = 2147483647;
			files = (
				B829C8B72983941F003C6176 /* HeaderView.swift in Sources */,
				B829C8A4298382D6003C6176 /* ViewController.swift in Sources */,
				B829C8B5298389C1003C6176 /* ListCell.swift in Sources */,
				B829C8A0298382D6003C6176 /* AppDelegate.swift in Sources */,
				B829C8A2298382D6003C6176 /* SceneDelegate.swift in Sources */,
			);
			runOnlyForDeploymentPostprocessing = 0;
		};
/* End PBXSourcesBuildPhase section */

/* Begin PBXVariantGroup section */
		B829C8A5298382D6003C6176 /* Main.storyboard */ = {
			isa = PBXVariantGroup;
			children = (
				B829C8A6298382D6003C6176 /* Base */,
			);
			name = Main.storyboard;
			sourceTree = "<group>";
		};
		B829C8AA298382D9003C6176 /* LaunchScreen.storyboard */ = {
			isa = PBXVariantGroup;
			children = (
				B829C8AB298382D9003C6176 /* Base */,
			);
			name = LaunchScreen.storyboard;
			sourceTree = "<group>";
		};
/* End PBXVariantGroup section */

/* Begin XCBuildConfiguration section */
		B829C8AE298382D9003C6176 /* Debug */ = {
			isa = XCBuildConfiguration;
			buildSettings = {
				ALWAYS_SEARCH_USER_PATHS = NO;
				CLANG_ANALYZER_NONNULL = YES;
				CLANG_ANALYZER_NUMBER_OBJECT_CONVERSION = YES_AGGRESSIVE;
				CLANG_CXX_LANGUAGE_STANDARD = "gnu++20";
				CLANG_ENABLE_MODULES = YES;
				CLANG_ENABLE_OBJC_ARC = YES;
				CLANG_ENABLE_OBJC_WEAK = YES;
				CLANG_WARN_BLOCK_CAPTURE_AUTORELEASING = YES;
				CLANG_WARN_BOOL_CONVERSION = YES;
				CLANG_WARN_COMMA = YES;
				CLANG_WARN_CONSTANT_CONVERSION = YES;
				CLANG_WARN_DEPRECATED_OBJC_IMPLEMENTATIONS = YES;
				CLANG_WARN_DIRECT_OBJC_ISA_USAGE = YES_ERROR;
				CLANG_WARN_DOCUMENTATION_COMMENTS = YES;
				CLANG_WARN_EMPTY_BODY = YES;
				CLANG_WARN_ENUM_CONVERSION = YES;
				CLANG_WARN_INFINITE_RECURSION = YES;
				CLANG_WARN_INT_CONVERSION = YES;
				CLANG_WARN_NON_LITERAL_NULL_CONVERSION = YES;
				CLANG_WARN_OBJC_IMPLICIT_RETAIN_SELF = YES;
				CLANG_WARN_OBJC_LITERAL_CONVERSION = YES;
				CLANG_WARN_OBJC_ROOT_CLASS = YES_ERROR;
				CLANG_WARN_QUOTED_INCLUDE_IN_FRAMEWORK_HEADER = YES;
				CLANG_WARN_RANGE_LOOP_ANALYSIS = YES;
				CLANG_WARN_STRICT_PROTOTYPES = YES;
				CLANG_WARN_SUSPICIOUS_MOVE = YES;
				CLANG_WARN_UNGUARDED_AVAILABILITY = YES_AGGRESSIVE;
				CLANG_WARN_UNREACHABLE_CODE = YES;
				CLANG_WARN__DUPLICATE_METHOD_MATCH = YES;
				COPY_PHASE_STRIP = NO;
				DEBUG_INFORMATION_FORMAT = dwarf;
				ENABLE_STRICT_OBJC_MSGSEND = YES;
				ENABLE_TESTABILITY = YES;
				GCC_C_LANGUAGE_STANDARD = gnu11;
				GCC_DYNAMIC_NO_PIC = NO;
				GCC_NO_COMMON_BLOCKS = YES;
				GCC_OPTIMIZATION_LEVEL = 0;
				GCC_PREPROCESSOR_DEFINITIONS = (
					"DEBUG=1",
					"$(inherited)",
				);
				GCC_WARN_64_TO_32_BIT_CONVERSION = YES;
				GCC_WARN_ABOUT_RETURN_TYPE = YES_ERROR;
				GCC_WARN_UNDECLARED_SELECTOR = YES;
				GCC_WARN_UNINITIALIZED_AUTOS = YES_AGGRESSIVE;
				GCC_WARN_UNUSED_FUNCTION = YES;
				GCC_WARN_UNUSED_VARIABLE = YES;
				IPHONEOS_DEPLOYMENT_TARGET = 16.1;
				MTL_ENABLE_DEBUG_INFO = INCLUDE_SOURCE;
				MTL_FAST_MATH = YES;
				ONLY_ACTIVE_ARCH = YES;
				SDKROOT = iphoneos;
				SWIFT_ACTIVE_COMPILATION_CONDITIONS = DEBUG;
				SWIFT_OPTIMIZATION_LEVEL = "-Onone";
			};
			name = Debug;
		};
		B829C8AF298382D9003C6176 /* Release */ = {
			isa = XCBuildConfiguration;
			buildSettings = {
				ALWAYS_SEARCH_USER_PATHS = NO;
				CLANG_ANALYZER_NONNULL = YES;
				CLANG_ANALYZER_NUMBER_OBJECT_CONVERSION = YES_AGGRESSIVE;
				CLANG_CXX_LANGUAGE_STANDARD = "gnu++20";
				CLANG_ENABLE_MODULES = YES;
				CLANG_ENABLE_OBJC_ARC = YES;
				CLANG_ENABLE_OBJC_WEAK = YES;
				CLANG_WARN_BLOCK_CAPTURE_AUTORELEASING = YES;
				CLANG_WARN_BOOL_CONVERSION = YES;
				CLANG_WARN_COMMA = YES;
				CLANG_WARN_CONSTANT_CONVERSION = YES;
				CLANG_WARN_DEPRECATED_OBJC_IMPLEMENTATIONS = YES;
				CLANG_WARN_DIRECT_OBJC_ISA_USAGE = YES_ERROR;
				CLANG_WARN_DOCUMENTATION_COMMENTS = YES;
				CLANG_WARN_EMPTY_BODY = YES;
				CLANG_WARN_ENUM_CONVERSION = YES;
				CLANG_WARN_INFINITE_RECURSION = YES;
				CLANG_WARN_INT_CONVERSION = YES;
				CLANG_WARN_NON_LITERAL_NULL_CONVERSION = YES;
				CLANG_WARN_OBJC_IMPLICIT_RETAIN_SELF = YES;
				CLANG_WARN_OBJC_LITERAL_CONVERSION = YES;
				CLANG_WARN_OBJC_ROOT_CLASS = YES_ERROR;
				CLANG_WARN_QUOTED_INCLUDE_IN_FRAMEWORK_HEADER = YES;
				CLANG_WARN_RANGE_LOOP_ANALYSIS = YES;
				CLANG_WARN_STRICT_PROTOTYPES = YES;
				CLANG_WARN_SUSPICIOUS_MOVE = YES;
				CLANG_WARN_UNGUARDED_AVAILABILITY = YES_AGGRESSIVE;
				CLANG_WARN_UNREACHABLE_CODE = YES;
				CLANG_WARN__DUPLICATE_METHOD_MATCH = YES;
				COPY_PHASE_STRIP = NO;
				DEBUG_INFORMATION_FORMAT = "dwarf-with-dsym";
				ENABLE_NS_ASSERTIONS = NO;
				ENABLE_STRICT_OBJC_MSGSEND = YES;
				GCC_C_LANGUAGE_STANDARD = gnu11;
				GCC_NO_COMMON_BLOCKS = YES;
				GCC_WARN_64_TO_32_BIT_CONVERSION = YES;
				GCC_WARN_ABOUT_RETURN_TYPE = YES_ERROR;
				GCC_WARN_UNDECLARED_SELECTOR = YES;
				GCC_WARN_UNINITIALIZED_AUTOS = YES_AGGRESSIVE;
				GCC_WARN_UNUSED_FUNCTION = YES;
				GCC_WARN_UNUSED_VARIABLE = YES;
				IPHONEOS_DEPLOYMENT_TARGET = 16.1;
				MTL_ENABLE_DEBUG_INFO = NO;
				MTL_FAST_MATH = YES;
				SDKROOT = iphoneos;
				SWIFT_COMPILATION_MODE = wholemodule;
				SWIFT_OPTIMIZATION_LEVEL = "-O";
				VALIDATE_PRODUCT = YES;
			};
			name = Release;
		};
		B829C8B1298382D9003C6176 /* Debug */ = {
			isa = XCBuildConfiguration;
			buildSettings = {
				ASSETCATALOG_COMPILER_APPICON_NAME = AppIcon;
				ASSETCATALOG_COMPILER_GLOBAL_ACCENT_COLOR_NAME = AccentColor;
				CODE_SIGN_STYLE = Automatic;
				CURRENT_PROJECT_VERSION = 1;
				DEVELOPMENT_TEAM = 974834H227;
				GENERATE_INFOPLIST_FILE = YES;
				INFOPLIST_FILE = DetailHeaderAnimation/Info.plist;
				INFOPLIST_KEY_UIApplicationSupportsIndirectInputEvents = YES;
				INFOPLIST_KEY_UILaunchStoryboardName = LaunchScreen;
				INFOPLIST_KEY_UIMainStoryboardFile = Main;
				INFOPLIST_KEY_UISupportedInterfaceOrientations_iPad = "UIInterfaceOrientationPortrait UIInterfaceOrientationPortraitUpsideDown UIInterfaceOrientationLandscapeLeft UIInterfaceOrientationLandscapeRight";
				INFOPLIST_KEY_UISupportedInterfaceOrientations_iPhone = "UIInterfaceOrientationPortrait UIInterfaceOrientationLandscapeLeft UIInterfaceOrientationLandscapeRight";
				IPHONEOS_DEPLOYMENT_TARGET = 14.0;
				LD_RUNPATH_SEARCH_PATHS = (
					"$(inherited)",
					"@executable_path/Frameworks",
				);
				MARKETING_VERSION = 1.0;
				PRODUCT_BUNDLE_IDENTIFIER = com.rahul.DetailHeaderAnimatio;
				PRODUCT_NAME = "$(TARGET_NAME)";
				SWIFT_EMIT_LOC_STRINGS = YES;
				SWIFT_VERSION = 5.0;
				TARGETED_DEVICE_FAMILY = "1,2";
			};
			name = Debug;
		};
		B829C8B2298382D9003C6176 /* Release */ = {
			isa = XCBuildConfiguration;
			buildSettings = {
				ASSETCATALOG_COMPILER_APPICON_NAME = AppIcon;
				ASSETCATALOG_COMPILER_GLOBAL_ACCENT_COLOR_NAME = AccentColor;
				CODE_SIGN_STYLE = Automatic;
				CURRENT_PROJECT_VERSION = 1;
				DEVELOPMENT_TEAM = 974834H227;
				GENERATE_INFOPLIST_FILE = YES;
				INFOPLIST_FILE = DetailHeaderAnimation/Info.plist;
				INFOPLIST_KEY_UIApplicationSupportsIndirectInputEvents = YES;
				INFOPLIST_KEY_UILaunchStoryboardName = LaunchScreen;
				INFOPLIST_KEY_UIMainStoryboardFile = Main;
				INFOPLIST_KEY_UISupportedInterfaceOrientations_iPad = "UIInterfaceOrientationPortrait UIInterfaceOrientationPortraitUpsideDown UIInterfaceOrientationLandscapeLeft UIInterfaceOrientationLandscapeRight";
				INFOPLIST_KEY_UISupportedInterfaceOrientations_iPhone = "UIInterfaceOrientationPortrait UIInterfaceOrientationLandscapeLeft UIInterfaceOrientationLandscapeRight";
				IPHONEOS_DEPLOYMENT_TARGET = 14.0;
				LD_RUNPATH_SEARCH_PATHS = (
					"$(inherited)",
					"@executable_path/Frameworks",
				);
				MARKETING_VERSION = 1.0;
				PRODUCT_BUNDLE_IDENTIFIER = com.rahul.DetailHeaderAnimatio;
				PRODUCT_NAME = "$(TARGET_NAME)";
				SWIFT_EMIT_LOC_STRINGS = YES;
				SWIFT_VERSION = 5.0;
				TARGETED_DEVICE_FAMILY = "1,2";
			};
			name = Release;
		};
/* End XCBuildConfiguration section */

/* Begin XCConfigurationList section */
		B829C897298382D6003C6176 /* Build configuration list for PBXProject "DetailHeaderAnimation" */ = {
			isa = XCConfigurationList;
			buildConfigurations = (
				B829C8AE298382D9003C6176 /* Debug */,
				B829C8AF298382D9003C6176 /* Release */,
			);
			defaultConfigurationIsVisible = 0;
			defaultConfigurationName = Release;
		};
		B829C8B0298382D9003C6176 /* Build configuration list for PBXNativeTarget "DetailHeaderAnimation" */ = {
			isa = XCConfigurationList;
			buildConfigurations = (
				B829C8B1298382D9003C6176 /* Debug */,
				B829C8B2298382D9003C6176 /* Release */,
			);
			defaultConfigurationIsVisible = 0;
			defaultConfigurationName = Release;
		};
/* End XCConfigurationList section */
	};
	rootObject = B829C894298382D6003C6176 /* Project object */;
}
